
Microsoft Visual Studio Solution File, Format Version 12.00
# Visual Studio Version 17
VisualStudioVersion = 17.8.34330.188
MinimumVisualStudioVersion = 10.0.40219.1
Project("{FAE04EC0-301F-11D3-BF4B-00C04F79EFBC}") = "Task1", "Task1\Task1.csproj", "{4B1EADE2-328A-4604-897D-B306635BD5CE}"
EndProject
Project("{FAE04EC0-301F-11D3-BF4B-00C04F79EFBC}") = "Task2", "Task2\Task2.csproj", "{D5DADFD1-6503-44EA-B003-8183424F0D2B}"
EndProject
Project("{FAE04EC0-301F-11D3-BF4B-00C04F79EFBC}") = "Task3", "Task3\Task3.csproj", "{45132498-24AC-488A-9F20-457FEAE59938}"
EndProject
Global
	GlobalSection(SolutionConfigurationPlatforms) = preSolution
		Debug|Any CPU = Debug|Any CPU
		Release|Any CPU = Release|Any CPU
	EndGlobalSection
	GlobalSection(ProjectConfigurationPlatforms) = postSolution
		{4B1EADE2-328A-4604-897D-B306635BD5CE}.Debug|Any CPU.ActiveCfg = Debug|Any CPU
		{4B1EADE2-328A-4604-897D-B306635BD5CE}.Debug|Any CPU.Build.0 = Debug|Any CPU
		{4B1EADE2-328A-4604-897D-B306635BD5CE}.Release|Any CPU.ActiveCfg = Release|Any CPU
		{4B1EADE2-328A-4604-897D-B306635BD5CE}.Release|Any CPU.Build.0 = Release|Any CPU
		{D5DADFD1-6503-44EA-B003-8183424F0D2B}.Debug|Any CPU.ActiveCfg = Debug|Any CPU
		{D5DADFD1-6503-44EA-B003-8183424F0D2B}.Debug|Any CPU.Build.0 = Debug|Any CPU
		{D5DADFD1-6503-44EA-B003-8183424F0D2B}.Release|Any CPU.ActiveCfg = Release|Any CPU
		{D5DADFD1-6503-44EA-B003-8183424F0D2B}.Release|Any CPU.Build.0 = Release|Any CPU
		{45132498-24AC-488A-9F20-457FEAE59938}.Debug|Any CPU.ActiveCfg = Debug|Any CPU
		{45132498-24AC-488A-9F20-457FEAE59938}.Debug|Any CPU.Build.0 = Debug|Any CPU
		{45132498-24AC-488A-9F20-457FEAE59938}.Release|Any CPU.ActiveCfg = Release|Any CPU
		{45132498-24AC-488A-9F20-457FEAE59938}.Release|Any CPU.Build.0 = Release|Any CPU
	EndGlobalSection
	GlobalSection(SolutionProperties) = preSolution
		HideSolutionNode = FALSE
	EndGlobalSection
	GlobalSection(ExtensibilityGlobals) = postSolution
		SolutionGuid = {1D4B3C5F-5936-49B3-8638-6DB45F59D874}
	EndGlobalSection
EndGlobal
