
Microsoft Visual Studio Solution File, Format Version 12.00
# Visual Studio Version 17
VisualStudioVersion = 17.8.34408.163
MinimumVisualStudioVersion = 10.0.40219.1
Project("{9A19103F-16F7-4668-BE54-9A1E7A4F7556}") = "71A_Way Too Long Words", "71A_Way Too Long Words\71A_Way Too Long Words.csproj", "{351D1724-AA6C-43FB-AE47-EF6E209F0ADE}"
EndProject
Project("{9A19103F-16F7-4668-BE54-9A1E7A4F7556}") = "4A-Watermelon", "4A-Watermelon\4A-Watermelon.csproj", "{55AC3563-B238-40C3-98D9-2E8094CDEFC1}"
EndProject
Project("{9A19103F-16F7-4668-BE54-9A1E7A4F7556}") = "231A-Team", "231A-Team\231A-Team.csproj", "{172EBEDF-FAAA-43BB-9EF7-47332A25E8D0}"
EndProject
Project("{9A19103F-16F7-4668-BE54-9A1E7A4F7556}") = "1A-Theatre Square", "1A-Theatre Square\1A-Theatre Square.csproj", "{631106A2-C92D-4737-B9C6-EFB2F99F33B5}"
EndProject
Project("{9A19103F-16F7-4668-BE54-9A1E7A4F7556}") = "158A-Next Round", "158A-Next Round\158A-Next Round.csproj", "{51D78EF9-8E03-4B2D-A099-D9FCB695BA1D}"
EndProject
Project("{9A19103F-16F7-4668-BE54-9A1E7A4F7556}") = "282A-Bit++", "282A-Bit++\282A-Bit++.csproj", "{AD499FF6-EDFE-4DC2-B2C3-DBBD699D05FB}"
EndProject
Project("{9A19103F-16F7-4668-BE54-9A1E7A4F7556}") = "236A-Boy or Girl", "236A-Boy or Girl\236A-Boy or Girl.csproj", "{0CE09C4D-490F-4E19-B564-024B007E6E5D}"
EndProject
Project("{9A19103F-16F7-4668-BE54-9A1E7A4F7556}") = "50A-Domino Piling", "50A-Domino Piling\50A-Domino Piling.csproj", "{D02D620E-8A22-4847-AE3D-6CE400D29E1D}"
EndProject
Project("{FAE04EC0-301F-11D3-BF4B-00C04F79EFBC}") = "263A-Beautiful Matrix", "263A-Beautiful Matrix\263A-Beautiful Matrix.csproj", "{3A8EE1CB-DE66-4058-8090-C9BC874C3029}"
EndProject
Project("{FAE04EC0-301F-11D3-BF4B-00C04F79EFBC}") = "112A-Petya and Strings", "112A-Petya and Strings\112A-Petya and Strings.csproj", "{044FD3DD-A598-4087-BCD8-0E55CFCA5A84}"
EndProject
Project("{FAE04EC0-301F-11D3-BF4B-00C04F79EFBC}") = "339A-Helpful Maths", "339A-Helpful Maths\339A-Helpful Maths.csproj", "{CA64B419-7758-4998-BE07-73FD4C4D6217}"
EndProject
Project("{FAE04EC0-301F-11D3-BF4B-00C04F79EFBC}") = "281A-Word Capitalization", "281A-Word Capitalization\281A-Word Capitalization.csproj", "{3B730901-B59B-4D98-B09F-05AB7A795526}"
EndProject
Project("{FAE04EC0-301F-11D3-BF4B-00C04F79EFBC}") = "118A-String Task", "118A-String Task\118A-String Task.csproj", "{AC6EE972-2A12-48AE-8B27-BE9330DB4C52}"
EndProject
Global
	GlobalSection(SolutionConfigurationPlatforms) = preSolution
		Debug|Any CPU = Debug|Any CPU
		Release|Any CPU = Release|Any CPU
	EndGlobalSection
	GlobalSection(ProjectConfigurationPlatforms) = postSolution
		{351D1724-AA6C-43FB-AE47-EF6E209F0ADE}.Debug|Any CPU.ActiveCfg = Debug|Any CPU
		{351D1724-AA6C-43FB-AE47-EF6E209F0ADE}.Debug|Any CPU.Build.0 = Debug|Any CPU
		{351D1724-AA6C-43FB-AE47-EF6E209F0ADE}.Release|Any CPU.ActiveCfg = Release|Any CPU
		{351D1724-AA6C-43FB-AE47-EF6E209F0ADE}.Release|Any CPU.Build.0 = Release|Any CPU
		{55AC3563-B238-40C3-98D9-2E8094CDEFC1}.Debug|Any CPU.ActiveCfg = Debug|Any CPU
		{55AC3563-B238-40C3-98D9-2E8094CDEFC1}.Debug|Any CPU.Build.0 = Debug|Any CPU
		{55AC3563-B238-40C3-98D9-2E8094CDEFC1}.Release|Any CPU.ActiveCfg = Release|Any CPU
		{55AC3563-B238-40C3-98D9-2E8094CDEFC1}.Release|Any CPU.Build.0 = Release|Any CPU
		{172EBEDF-FAAA-43BB-9EF7-47332A25E8D0}.Debug|Any CPU.ActiveCfg = Debug|Any CPU
		{172EBEDF-FAAA-43BB-9EF7-47332A25E8D0}.Debug|Any CPU.Build.0 = Debug|Any CPU
		{172EBEDF-FAAA-43BB-9EF7-47332A25E8D0}.Release|Any CPU.ActiveCfg = Release|Any CPU
		{172EBEDF-FAAA-43BB-9EF7-47332A25E8D0}.Release|Any CPU.Build.0 = Release|Any CPU
		{631106A2-C92D-4737-B9C6-EFB2F99F33B5}.Debug|Any CPU.ActiveCfg = Debug|Any CPU
		{631106A2-C92D-4737-B9C6-EFB2F99F33B5}.Debug|Any CPU.Build.0 = Debug|Any CPU
		{631106A2-C92D-4737-B9C6-EFB2F99F33B5}.Release|Any CPU.ActiveCfg = Release|Any CPU
		{631106A2-C92D-4737-B9C6-EFB2F99F33B5}.Release|Any CPU.Build.0 = Release|Any CPU
		{51D78EF9-8E03-4B2D-A099-D9FCB695BA1D}.Debug|Any CPU.ActiveCfg = Debug|Any CPU
		{51D78EF9-8E03-4B2D-A099-D9FCB695BA1D}.Debug|Any CPU.Build.0 = Debug|Any CPU
		{51D78EF9-8E03-4B2D-A099-D9FCB695BA1D}.Release|Any CPU.ActiveCfg = Release|Any CPU
		{51D78EF9-8E03-4B2D-A099-D9FCB695BA1D}.Release|Any CPU.Build.0 = Release|Any CPU
		{AD499FF6-EDFE-4DC2-B2C3-DBBD699D05FB}.Debug|Any CPU.ActiveCfg = Debug|Any CPU
		{AD499FF6-EDFE-4DC2-B2C3-DBBD699D05FB}.Debug|Any CPU.Build.0 = Debug|Any CPU
		{AD499FF6-EDFE-4DC2-B2C3-DBBD699D05FB}.Release|Any CPU.ActiveCfg = Release|Any CPU
		{AD499FF6-EDFE-4DC2-B2C3-DBBD699D05FB}.Release|Any CPU.Build.0 = Release|Any CPU
		{0CE09C4D-490F-4E19-B564-024B007E6E5D}.Debug|Any CPU.ActiveCfg = Debug|Any CPU
		{0CE09C4D-490F-4E19-B564-024B007E6E5D}.Debug|Any CPU.Build.0 = Debug|Any CPU
		{0CE09C4D-490F-4E19-B564-024B007E6E5D}.Release|Any CPU.ActiveCfg = Release|Any CPU
		{0CE09C4D-490F-4E19-B564-024B007E6E5D}.Release|Any CPU.Build.0 = Release|Any CPU
		{D02D620E-8A22-4847-AE3D-6CE400D29E1D}.Debug|Any CPU.ActiveCfg = Debug|Any CPU
		{D02D620E-8A22-4847-AE3D-6CE400D29E1D}.Debug|Any CPU.Build.0 = Debug|Any CPU
		{D02D620E-8A22-4847-AE3D-6CE400D29E1D}.Release|Any CPU.ActiveCfg = Release|Any CPU
		{D02D620E-8A22-4847-AE3D-6CE400D29E1D}.Release|Any CPU.Build.0 = Release|Any CPU
		{3A8EE1CB-DE66-4058-8090-C9BC874C3029}.Debug|Any CPU.ActiveCfg = Debug|Any CPU
		{3A8EE1CB-DE66-4058-8090-C9BC874C3029}.Debug|Any CPU.Build.0 = Debug|Any CPU
		{3A8EE1CB-DE66-4058-8090-C9BC874C3029}.Release|Any CPU.ActiveCfg = Release|Any CPU
		{3A8EE1CB-DE66-4058-8090-C9BC874C3029}.Release|Any CPU.Build.0 = Release|Any CPU
		{044FD3DD-A598-4087-BCD8-0E55CFCA5A84}.Debug|Any CPU.ActiveCfg = Debug|Any CPU
		{044FD3DD-A598-4087-BCD8-0E55CFCA5A84}.Debug|Any CPU.Build.0 = Debug|Any CPU
		{044FD3DD-A598-4087-BCD8-0E55CFCA5A84}.Release|Any CPU.ActiveCfg = Release|Any CPU
		{044FD3DD-A598-4087-BCD8-0E55CFCA5A84}.Release|Any CPU.Build.0 = Release|Any CPU
		{CA64B419-7758-4998-BE07-73FD4C4D6217}.Debug|Any CPU.ActiveCfg = Debug|Any CPU
		{CA64B419-7758-4998-BE07-73FD4C4D6217}.Debug|Any CPU.Build.0 = Debug|Any CPU
		{CA64B419-7758-4998-BE07-73FD4C4D6217}.Release|Any CPU.ActiveCfg = Release|Any CPU
		{CA64B419-7758-4998-BE07-73FD4C4D6217}.Release|Any CPU.Build.0 = Release|Any CPU
		{3B730901-B59B-4D98-B09F-05AB7A795526}.Debug|Any CPU.ActiveCfg = Debug|Any CPU
		{3B730901-B59B-4D98-B09F-05AB7A795526}.Debug|Any CPU.Build.0 = Debug|Any CPU
		{3B730901-B59B-4D98-B09F-05AB7A795526}.Release|Any CPU.ActiveCfg = Release|Any CPU
		{3B730901-B59B-4D98-B09F-05AB7A795526}.Release|Any CPU.Build.0 = Release|Any CPU
		{AC6EE972-2A12-48AE-8B27-BE9330DB4C52}.Debug|Any CPU.ActiveCfg = Debug|Any CPU
		{AC6EE972-2A12-48AE-8B27-BE9330DB4C52}.Debug|Any CPU.Build.0 = Debug|Any CPU
		{AC6EE972-2A12-48AE-8B27-BE9330DB4C52}.Release|Any CPU.ActiveCfg = Release|Any CPU
		{AC6EE972-2A12-48AE-8B27-BE9330DB4C52}.Release|Any CPU.Build.0 = Release|Any CPU
	EndGlobalSection
	GlobalSection(SolutionProperties) = preSolution
		HideSolutionNode = FALSE
	EndGlobalSection
	GlobalSection(ExtensibilityGlobals) = postSolution
		SolutionGuid = {9BE81BB4-D791-46F0-9AFF-AE5B9B114492}
	EndGlobalSection
EndGlobal
