
Microsoft Visual Studio Solution File, Format Version 12.00
# Visual Studio Version 17
VisualStudioVersion = 17.8.34408.163
MinimumVisualStudioVersion = 10.0.40219.1
Project("{9A19103F-16F7-4668-BE54-9A1E7A4F7556}") = "71A_Way Too Long Words", "71A_Way Too Long Words\71A_Way Too Long Words.csproj", "{351D1724-AA6C-43FB-AE47-EF6E209F0ADE}"
EndProject
Project("{9A19103F-16F7-4668-BE54-9A1E7A4F7556}") = "4A-Watermelon", "4A-Watermelon\4A-Watermelon.csproj", "{55AC3563-B238-40C3-98D9-2E8094CDEFC1}"
EndProject
Project("{9A19103F-16F7-4668-BE54-9A1E7A4F7556}") = "231A-Team", "231A-Team\231A-Team.csproj", "{172EBEDF-FAAA-43BB-9EF7-47332A25E8D0}"
EndProject
Project("{9A19103F-16F7-4668-BE54-9A1E7A4F7556}") = "1A-Theatre Square", "1A-Theatre Square\1A-Theatre Square.csproj", "{631106A2-C92D-4737-B9C6-EFB2F99F33B5}"
EndProject
Project("{9A19103F-16F7-4668-BE54-9A1E7A4F7556}") = "158A-Next Round", "158A-Next Round\158A-Next Round.csproj", "{51D78EF9-8E03-4B2D-A099-D9FCB695BA1D}"
EndProject
Project("{9A19103F-16F7-4668-BE54-9A1E7A4F7556}") = "282A-Bit++", "282A-Bit++\282A-Bit++.csproj", "{AD499FF6-EDFE-4DC2-B2C3-DBBD699D05FB}"
EndProject
Project("{9A19103F-16F7-4668-BE54-9A1E7A4F7556}") = "236A-Boy or Girl", "236A-Boy or Girl\236A-Boy or Girl.csproj", "{0CE09C4D-490F-4E19-B564-024B007E6E5D}"
EndProject
Project("{9A19103F-16F7-4668-BE54-9A1E7A4F7556}") = "50A-Domino Piling", "50A-Domino Piling\50A-Domino Piling.csproj", "{D02D620E-8A22-4847-AE3D-6CE400D29E1D}"
EndProject
Project("{9A19103F-16F7-4668-BE54-9A1E7A4F7556}") = "263A-Beautiful Matrix", "263A-Beautiful Matrix\263A-Beautiful Matrix.csproj", "{3A8EE1CB-DE66-4058-8090-C9BC874C3029}"
EndProject
Project("{9A19103F-16F7-4668-BE54-9A1E7A4F7556}") = "112A-Petya and Strings", "112A-Petya and Strings\112A-Petya and Strings.csproj", "{044FD3DD-A598-4087-BCD8-0E55CFCA5A84}"
EndProject
Project("{9A19103F-16F7-4668-BE54-9A1E7A4F7556}") = "339A-Helpful Maths", "339A-Helpful Maths\339A-Helpful Maths.csproj", "{CA64B419-7758-4998-BE07-73FD4C4D6217}"
EndProject
Project("{9A19103F-16F7-4668-BE54-9A1E7A4F7556}") = "281A-Word Capitalization", "281A-Word Capitalization\281A-Word Capitalization.csproj", "{3B730901-B59B-4D98-B09F-05AB7A795526}"
EndProject
Project("{9A19103F-16F7-4668-BE54-9A1E7A4F7556}") = "118A-String Task", "118A-String Task\118A-String Task.csproj", "{AC6EE972-2A12-48AE-8B27-BE9330DB4C52}"
EndProject
Project("{9A19103F-16F7-4668-BE54-9A1E7A4F7556}") = "266A-Stones on the Table", "266A-Stones on the Table\266A-Stones on the Table.csproj", "{A0700243-A2A7-4D53-9691-E84A9FAAE17D}"
EndProject
Project("{9A19103F-16F7-4668-BE54-9A1E7A4F7556}") = "791A-Bear and Big Brother", "791A-Bear and Big Brother\791A-Bear and Big Brother.csproj", "{F9145643-4D20-4A26-8E25-EFC78D5B0EDE}"
EndProject
Project("{9A19103F-16F7-4668-BE54-9A1E7A4F7556}") = "617A- Elephant", "617A- Elephant\617A- Elephant.csproj", "{CD210DEB-75DB-48C7-B833-797D4EEC2229}"
EndProject
Project("{9A19103F-16F7-4668-BE54-9A1E7A4F7556}") = "546A-Soldier and Bananas", "546A-Soldier and Bananas\546A-Soldier and Bananas.csproj", "{E1C03737-6E5C-4CAD-9C6A-F3DC7BBAC842}"
EndProject
Project("{9A19103F-16F7-4668-BE54-9A1E7A4F7556}") = "59A-Word", "59A-Word\59A-Word.csproj", "{7031AF06-BCBA-4D34-B6FF-9D3B8CDF0301}"
EndProject
Project("{9A19103F-16F7-4668-BE54-9A1E7A4F7556}") = "69A-Young Physicist", "69A-Young Physicist\69A-Young Physicist.csproj", "{388B58AD-8C11-4D87-9216-547C50679030}"
EndProject
Project("{9A19103F-16F7-4668-BE54-9A1E7A4F7556}") = "977A-Wrong Subtraction", "977A-Wrong Subtraction\977A-Wrong Subtraction.csproj", "{55870DEE-C38E-4BAB-AF2A-33F0CDB52152}"
EndProject
Project("{9A19103F-16F7-4668-BE54-9A1E7A4F7556}") = "96A-Football", "96A-Football\96A-Football.csproj", "{472C9948-16D3-406D-872B-3F4573E37AB8}"
EndProject
Project("{9A19103F-16F7-4668-BE54-9A1E7A4F7556}") = "110A-Nearly Lucky Number", "110A-Nearly Lucky Number\110A-Nearly Lucky Number.csproj", "{8FC21C21-C36E-43A0-B311-D3A7B87E3F16}"
EndProject
Project("{9A19103F-16F7-4668-BE54-9A1E7A4F7556}") = "734A-Anton and Danik", "734A-Anton and Danik\734A-Anton and Danik.csproj", "{209C77FE-C1B4-4116-91B4-ECCDA7438291}"
EndProject
Project("{9A19103F-16F7-4668-BE54-9A1E7A4F7556}") = "41A- Translation", "41A- Translation\41A- Translation.csproj", "{188BE2B9-CB43-41A8-BA00-BAB79A3D252D}"
EndProject
Project("{9A19103F-16F7-4668-BE54-9A1E7A4F7556}") = "116A-Tram", "116A-Tram\116A-Tram.csproj", "{AC3CB150-779C-4779-9A47-BAFA98D24C2E}"
EndProject
Project("{9A19103F-16F7-4668-BE54-9A1E7A4F7556}") = "677A-Vanya and Fence", "677A-Vanya and Fence\677A-Vanya and Fence.csproj", "{37FDCC55-4A4B-46EE-AC53-EAF210A581E1}"
EndProject
Project("{9A19103F-16F7-4668-BE54-9A1E7A4F7556}") = "271A-Beautiful Year", "271A-Beautiful Year\271A-Beautiful Year.csproj", "{E68BF12E-6DB2-4504-BDBD-D55DB1DF44A8}"
EndProject
Project("{FAE04EC0-301F-11D3-BF4B-00C04F79EFBC}") = "(28)266B-Queue at the School", "(28)266B-Queue at the School\(28)266B-Queue at the School.csproj", "{B3AC5CEC-D433-4797-88BE-A6443A7A8CF9}"
EndProject
Project("{FAE04EC0-301F-11D3-BF4B-00C04F79EFBC}") = "(29) 58A-Chatroom", "(2) 58A-Chatroom\(29) 58A-Chatroom.csproj", "{C568F995-5F4B-4C9C-A190-36810ACC3266}"
EndProject
Project("{FAE04EC0-301F-11D3-BF4B-00C04F79EFBC}") = "(30)1030A- In Search of an Easy Problem", "(30)1030A- In Search of an Easy Problem\(30)1030A- In Search of an Easy Problem.csproj", "{D686A078-B31D-4340-89F4-36860F0F8D2F}"
EndProject
Global
	GlobalSection(SolutionConfigurationPlatforms) = preSolution
		Debug|Any CPU = Debug|Any CPU
		Release|Any CPU = Release|Any CPU
	EndGlobalSection
	GlobalSection(ProjectConfigurationPlatforms) = postSolution
		{351D1724-AA6C-43FB-AE47-EF6E209F0ADE}.Debug|Any CPU.ActiveCfg = Debug|Any CPU
		{351D1724-AA6C-43FB-AE47-EF6E209F0ADE}.Debug|Any CPU.Build.0 = Debug|Any CPU
		{351D1724-AA6C-43FB-AE47-EF6E209F0ADE}.Release|Any CPU.ActiveCfg = Release|Any CPU
		{351D1724-AA6C-43FB-AE47-EF6E209F0ADE}.Release|Any CPU.Build.0 = Release|Any CPU
		{55AC3563-B238-40C3-98D9-2E8094CDEFC1}.Debug|Any CPU.ActiveCfg = Debug|Any CPU
		{55AC3563-B238-40C3-98D9-2E8094CDEFC1}.Debug|Any CPU.Build.0 = Debug|Any CPU
		{55AC3563-B238-40C3-98D9-2E8094CDEFC1}.Release|Any CPU.ActiveCfg = Release|Any CPU
		{55AC3563-B238-40C3-98D9-2E8094CDEFC1}.Release|Any CPU.Build.0 = Release|Any CPU
		{172EBEDF-FAAA-43BB-9EF7-47332A25E8D0}.Debug|Any CPU.ActiveCfg = Debug|Any CPU
		{172EBEDF-FAAA-43BB-9EF7-47332A25E8D0}.Debug|Any CPU.Build.0 = Debug|Any CPU
		{172EBEDF-FAAA-43BB-9EF7-47332A25E8D0}.Release|Any CPU.ActiveCfg = Release|Any CPU
		{172EBEDF-FAAA-43BB-9EF7-47332A25E8D0}.Release|Any CPU.Build.0 = Release|Any CPU
		{631106A2-C92D-4737-B9C6-EFB2F99F33B5}.Debug|Any CPU.ActiveCfg = Debug|Any CPU
		{631106A2-C92D-4737-B9C6-EFB2F99F33B5}.Debug|Any CPU.Build.0 = Debug|Any CPU
		{631106A2-C92D-4737-B9C6-EFB2F99F33B5}.Release|Any CPU.ActiveCfg = Release|Any CPU
		{631106A2-C92D-4737-B9C6-EFB2F99F33B5}.Release|Any CPU.Build.0 = Release|Any CPU
		{51D78EF9-8E03-4B2D-A099-D9FCB695BA1D}.Debug|Any CPU.ActiveCfg = Debug|Any CPU
		{51D78EF9-8E03-4B2D-A099-D9FCB695BA1D}.Debug|Any CPU.Build.0 = Debug|Any CPU
		{51D78EF9-8E03-4B2D-A099-D9FCB695BA1D}.Release|Any CPU.ActiveCfg = Release|Any CPU
		{51D78EF9-8E03-4B2D-A099-D9FCB695BA1D}.Release|Any CPU.Build.0 = Release|Any CPU
		{AD499FF6-EDFE-4DC2-B2C3-DBBD699D05FB}.Debug|Any CPU.ActiveCfg = Debug|Any CPU
		{AD499FF6-EDFE-4DC2-B2C3-DBBD699D05FB}.Debug|Any CPU.Build.0 = Debug|Any CPU
		{AD499FF6-EDFE-4DC2-B2C3-DBBD699D05FB}.Release|Any CPU.ActiveCfg = Release|Any CPU
		{AD499FF6-EDFE-4DC2-B2C3-DBBD699D05FB}.Release|Any CPU.Build.0 = Release|Any CPU
		{0CE09C4D-490F-4E19-B564-024B007E6E5D}.Debug|Any CPU.ActiveCfg = Debug|Any CPU
		{0CE09C4D-490F-4E19-B564-024B007E6E5D}.Debug|Any CPU.Build.0 = Debug|Any CPU
		{0CE09C4D-490F-4E19-B564-024B007E6E5D}.Release|Any CPU.ActiveCfg = Release|Any CPU
		{0CE09C4D-490F-4E19-B564-024B007E6E5D}.Release|Any CPU.Build.0 = Release|Any CPU
		{D02D620E-8A22-4847-AE3D-6CE400D29E1D}.Debug|Any CPU.ActiveCfg = Debug|Any CPU
		{D02D620E-8A22-4847-AE3D-6CE400D29E1D}.Debug|Any CPU.Build.0 = Debug|Any CPU
		{D02D620E-8A22-4847-AE3D-6CE400D29E1D}.Release|Any CPU.ActiveCfg = Release|Any CPU
		{D02D620E-8A22-4847-AE3D-6CE400D29E1D}.Release|Any CPU.Build.0 = Release|Any CPU
		{3A8EE1CB-DE66-4058-8090-C9BC874C3029}.Debug|Any CPU.ActiveCfg = Debug|Any CPU
		{3A8EE1CB-DE66-4058-8090-C9BC874C3029}.Debug|Any CPU.Build.0 = Debug|Any CPU
		{3A8EE1CB-DE66-4058-8090-C9BC874C3029}.Release|Any CPU.ActiveCfg = Release|Any CPU
		{3A8EE1CB-DE66-4058-8090-C9BC874C3029}.Release|Any CPU.Build.0 = Release|Any CPU
		{044FD3DD-A598-4087-BCD8-0E55CFCA5A84}.Debug|Any CPU.ActiveCfg = Debug|Any CPU
		{044FD3DD-A598-4087-BCD8-0E55CFCA5A84}.Debug|Any CPU.Build.0 = Debug|Any CPU
		{044FD3DD-A598-4087-BCD8-0E55CFCA5A84}.Release|Any CPU.ActiveCfg = Release|Any CPU
		{044FD3DD-A598-4087-BCD8-0E55CFCA5A84}.Release|Any CPU.Build.0 = Release|Any CPU
		{CA64B419-7758-4998-BE07-73FD4C4D6217}.Debug|Any CPU.ActiveCfg = Debug|Any CPU
		{CA64B419-7758-4998-BE07-73FD4C4D6217}.Debug|Any CPU.Build.0 = Debug|Any CPU
		{CA64B419-7758-4998-BE07-73FD4C4D6217}.Release|Any CPU.ActiveCfg = Release|Any CPU
		{CA64B419-7758-4998-BE07-73FD4C4D6217}.Release|Any CPU.Build.0 = Release|Any CPU
		{3B730901-B59B-4D98-B09F-05AB7A795526}.Debug|Any CPU.ActiveCfg = Debug|Any CPU
		{3B730901-B59B-4D98-B09F-05AB7A795526}.Debug|Any CPU.Build.0 = Debug|Any CPU
		{3B730901-B59B-4D98-B09F-05AB7A795526}.Release|Any CPU.ActiveCfg = Release|Any CPU
		{3B730901-B59B-4D98-B09F-05AB7A795526}.Release|Any CPU.Build.0 = Release|Any CPU
		{AC6EE972-2A12-48AE-8B27-BE9330DB4C52}.Debug|Any CPU.ActiveCfg = Debug|Any CPU
		{AC6EE972-2A12-48AE-8B27-BE9330DB4C52}.Debug|Any CPU.Build.0 = Debug|Any CPU
		{AC6EE972-2A12-48AE-8B27-BE9330DB4C52}.Release|Any CPU.ActiveCfg = Release|Any CPU
		{AC6EE972-2A12-48AE-8B27-BE9330DB4C52}.Release|Any CPU.Build.0 = Release|Any CPU
		{A0700243-A2A7-4D53-9691-E84A9FAAE17D}.Debug|Any CPU.ActiveCfg = Debug|Any CPU
		{A0700243-A2A7-4D53-9691-E84A9FAAE17D}.Debug|Any CPU.Build.0 = Debug|Any CPU
		{A0700243-A2A7-4D53-9691-E84A9FAAE17D}.Release|Any CPU.ActiveCfg = Release|Any CPU
		{A0700243-A2A7-4D53-9691-E84A9FAAE17D}.Release|Any CPU.Build.0 = Release|Any CPU
		{F9145643-4D20-4A26-8E25-EFC78D5B0EDE}.Debug|Any CPU.ActiveCfg = Debug|Any CPU
		{F9145643-4D20-4A26-8E25-EFC78D5B0EDE}.Debug|Any CPU.Build.0 = Debug|Any CPU
		{F9145643-4D20-4A26-8E25-EFC78D5B0EDE}.Release|Any CPU.ActiveCfg = Release|Any CPU
		{F9145643-4D20-4A26-8E25-EFC78D5B0EDE}.Release|Any CPU.Build.0 = Release|Any CPU
		{CD210DEB-75DB-48C7-B833-797D4EEC2229}.Debug|Any CPU.ActiveCfg = Debug|Any CPU
		{CD210DEB-75DB-48C7-B833-797D4EEC2229}.Debug|Any CPU.Build.0 = Debug|Any CPU
		{CD210DEB-75DB-48C7-B833-797D4EEC2229}.Release|Any CPU.ActiveCfg = Release|Any CPU
		{CD210DEB-75DB-48C7-B833-797D4EEC2229}.Release|Any CPU.Build.0 = Release|Any CPU
		{E1C03737-6E5C-4CAD-9C6A-F3DC7BBAC842}.Debug|Any CPU.ActiveCfg = Debug|Any CPU
		{E1C03737-6E5C-4CAD-9C6A-F3DC7BBAC842}.Debug|Any CPU.Build.0 = Debug|Any CPU
		{E1C03737-6E5C-4CAD-9C6A-F3DC7BBAC842}.Release|Any CPU.ActiveCfg = Release|Any CPU
		{E1C03737-6E5C-4CAD-9C6A-F3DC7BBAC842}.Release|Any CPU.Build.0 = Release|Any CPU
		{7031AF06-BCBA-4D34-B6FF-9D3B8CDF0301}.Debug|Any CPU.ActiveCfg = Debug|Any CPU
		{7031AF06-BCBA-4D34-B6FF-9D3B8CDF0301}.Debug|Any CPU.Build.0 = Debug|Any CPU
		{7031AF06-BCBA-4D34-B6FF-9D3B8CDF0301}.Release|Any CPU.ActiveCfg = Release|Any CPU
		{7031AF06-BCBA-4D34-B6FF-9D3B8CDF0301}.Release|Any CPU.Build.0 = Release|Any CPU
		{388B58AD-8C11-4D87-9216-547C50679030}.Debug|Any CPU.ActiveCfg = Debug|Any CPU
		{388B58AD-8C11-4D87-9216-547C50679030}.Debug|Any CPU.Build.0 = Debug|Any CPU
		{388B58AD-8C11-4D87-9216-547C50679030}.Release|Any CPU.ActiveCfg = Release|Any CPU
		{388B58AD-8C11-4D87-9216-547C50679030}.Release|Any CPU.Build.0 = Release|Any CPU
		{55870DEE-C38E-4BAB-AF2A-33F0CDB52152}.Debug|Any CPU.ActiveCfg = Debug|Any CPU
		{55870DEE-C38E-4BAB-AF2A-33F0CDB52152}.Debug|Any CPU.Build.0 = Debug|Any CPU
		{55870DEE-C38E-4BAB-AF2A-33F0CDB52152}.Release|Any CPU.ActiveCfg = Release|Any CPU
		{55870DEE-C38E-4BAB-AF2A-33F0CDB52152}.Release|Any CPU.Build.0 = Release|Any CPU
		{472C9948-16D3-406D-872B-3F4573E37AB8}.Debug|Any CPU.ActiveCfg = Debug|Any CPU
		{472C9948-16D3-406D-872B-3F4573E37AB8}.Debug|Any CPU.Build.0 = Debug|Any CPU
		{472C9948-16D3-406D-872B-3F4573E37AB8}.Release|Any CPU.ActiveCfg = Release|Any CPU
		{472C9948-16D3-406D-872B-3F4573E37AB8}.Release|Any CPU.Build.0 = Release|Any CPU
		{8FC21C21-C36E-43A0-B311-D3A7B87E3F16}.Debug|Any CPU.ActiveCfg = Debug|Any CPU
		{8FC21C21-C36E-43A0-B311-D3A7B87E3F16}.Debug|Any CPU.Build.0 = Debug|Any CPU
		{8FC21C21-C36E-43A0-B311-D3A7B87E3F16}.Release|Any CPU.ActiveCfg = Release|Any CPU
		{8FC21C21-C36E-43A0-B311-D3A7B87E3F16}.Release|Any CPU.Build.0 = Release|Any CPU
		{209C77FE-C1B4-4116-91B4-ECCDA7438291}.Debug|Any CPU.ActiveCfg = Debug|Any CPU
		{209C77FE-C1B4-4116-91B4-ECCDA7438291}.Debug|Any CPU.Build.0 = Debug|Any CPU
		{209C77FE-C1B4-4116-91B4-ECCDA7438291}.Release|Any CPU.ActiveCfg = Release|Any CPU
		{209C77FE-C1B4-4116-91B4-ECCDA7438291}.Release|Any CPU.Build.0 = Release|Any CPU
		{188BE2B9-CB43-41A8-BA00-BAB79A3D252D}.Debug|Any CPU.ActiveCfg = Debug|Any CPU
		{188BE2B9-CB43-41A8-BA00-BAB79A3D252D}.Debug|Any CPU.Build.0 = Debug|Any CPU
		{188BE2B9-CB43-41A8-BA00-BAB79A3D252D}.Release|Any CPU.ActiveCfg = Release|Any CPU
		{188BE2B9-CB43-41A8-BA00-BAB79A3D252D}.Release|Any CPU.Build.0 = Release|Any CPU
		{AC3CB150-779C-4779-9A47-BAFA98D24C2E}.Debug|Any CPU.ActiveCfg = Debug|Any CPU
		{AC3CB150-779C-4779-9A47-BAFA98D24C2E}.Debug|Any CPU.Build.0 = Debug|Any CPU
		{AC3CB150-779C-4779-9A47-BAFA98D24C2E}.Release|Any CPU.ActiveCfg = Release|Any CPU
		{AC3CB150-779C-4779-9A47-BAFA98D24C2E}.Release|Any CPU.Build.0 = Release|Any CPU
		{37FDCC55-4A4B-46EE-AC53-EAF210A581E1}.Debug|Any CPU.ActiveCfg = Debug|Any CPU
		{37FDCC55-4A4B-46EE-AC53-EAF210A581E1}.Debug|Any CPU.Build.0 = Debug|Any CPU
		{37FDCC55-4A4B-46EE-AC53-EAF210A581E1}.Release|Any CPU.ActiveCfg = Release|Any CPU
		{37FDCC55-4A4B-46EE-AC53-EAF210A581E1}.Release|Any CPU.Build.0 = Release|Any CPU
		{E68BF12E-6DB2-4504-BDBD-D55DB1DF44A8}.Debug|Any CPU.ActiveCfg = Debug|Any CPU
		{E68BF12E-6DB2-4504-BDBD-D55DB1DF44A8}.Debug|Any CPU.Build.0 = Debug|Any CPU
		{E68BF12E-6DB2-4504-BDBD-D55DB1DF44A8}.Release|Any CPU.ActiveCfg = Release|Any CPU
		{E68BF12E-6DB2-4504-BDBD-D55DB1DF44A8}.Release|Any CPU.Build.0 = Release|Any CPU
		{B3AC5CEC-D433-4797-88BE-A6443A7A8CF9}.Debug|Any CPU.ActiveCfg = Debug|Any CPU
		{B3AC5CEC-D433-4797-88BE-A6443A7A8CF9}.Debug|Any CPU.Build.0 = Debug|Any CPU
		{B3AC5CEC-D433-4797-88BE-A6443A7A8CF9}.Release|Any CPU.ActiveCfg = Release|Any CPU
		{B3AC5CEC-D433-4797-88BE-A6443A7A8CF9}.Release|Any CPU.Build.0 = Release|Any CPU
		{C568F995-5F4B-4C9C-A190-36810ACC3266}.Debug|Any CPU.ActiveCfg = Debug|Any CPU
		{C568F995-5F4B-4C9C-A190-36810ACC3266}.Debug|Any CPU.Build.0 = Debug|Any CPU
		{C568F995-5F4B-4C9C-A190-36810ACC3266}.Release|Any CPU.ActiveCfg = Release|Any CPU
		{C568F995-5F4B-4C9C-A190-36810ACC3266}.Release|Any CPU.Build.0 = Release|Any CPU
		{D686A078-B31D-4340-89F4-36860F0F8D2F}.Debug|Any CPU.ActiveCfg = Debug|Any CPU
		{D686A078-B31D-4340-89F4-36860F0F8D2F}.Debug|Any CPU.Build.0 = Debug|Any CPU
		{D686A078-B31D-4340-89F4-36860F0F8D2F}.Release|Any CPU.ActiveCfg = Release|Any CPU
		{D686A078-B31D-4340-89F4-36860F0F8D2F}.Release|Any CPU.Build.0 = Release|Any CPU
	EndGlobalSection
	GlobalSection(SolutionProperties) = preSolution
		HideSolutionNode = FALSE
	EndGlobalSection
	GlobalSection(ExtensibilityGlobals) = postSolution
		SolutionGuid = {9BE81BB4-D791-46F0-9AFF-AE5B9B114492}
	EndGlobalSection
EndGlobal
