
Microsoft Visual Studio Solution File, Format Version 12.00
# Visual Studio Version 17
VisualStudioVersion = 17.8.34408.163
MinimumVisualStudioVersion = 10.0.40219.1
Project("{FAE04EC0-301F-11D3-BF4B-00C04F79EFBC}") = "71A_Way Too Long Words", "71A_Way Too Long Words\71A_Way Too Long Words.csproj", "{351D1724-AA6C-43FB-AE47-EF6E209F0ADE}"
EndProject
Global
	GlobalSection(SolutionConfigurationPlatforms) = preSolution
		Debug|Any CPU = Debug|Any CPU
		Release|Any CPU = Release|Any CPU
	EndGlobalSection
	GlobalSection(ProjectConfigurationPlatforms) = postSolution
		{351D1724-AA6C-43FB-AE47-EF6E209F0ADE}.Debug|Any CPU.ActiveCfg = Debug|Any CPU
		{351D1724-AA6C-43FB-AE47-EF6E209F0ADE}.Debug|Any CPU.Build.0 = Debug|Any CPU
		{351D1724-AA6C-43FB-AE47-EF6E209F0ADE}.Release|Any CPU.ActiveCfg = Release|Any CPU
		{351D1724-AA6C-43FB-AE47-EF6E209F0ADE}.Release|Any CPU.Build.0 = Release|Any CPU
	EndGlobalSection
	GlobalSection(SolutionProperties) = preSolution
		HideSolutionNode = FALSE
	EndGlobalSection
	GlobalSection(ExtensibilityGlobals) = postSolution
		SolutionGuid = {9BE81BB4-D791-46F0-9AFF-AE5B9B114492}
	EndGlobalSection
EndGlobal
