
Microsoft Visual Studio Solution File, Format Version 12.00
# Visual Studio Version 17
VisualStudioVersion = 17.8.34601.278
MinimumVisualStudioVersion = 10.0.40219.1
Project("{FAE04EC0-301F-11D3-BF4B-00C04F79EFBC}") = "Arrays", "Arrays\Arrays.csproj", "{9AE70840-2828-428E-96C0-AFFA91059C1C}"
EndProject
Global
	GlobalSection(SolutionConfigurationPlatforms) = preSolution
		Debug|Any CPU = Debug|Any CPU
		Release|Any CPU = Release|Any CPU
	EndGlobalSection
	GlobalSection(ProjectConfigurationPlatforms) = postSolution
		{9AE70840-2828-428E-96C0-AFFA91059C1C}.Debug|Any CPU.ActiveCfg = Debug|Any CPU
		{9AE70840-2828-428E-96C0-AFFA91059C1C}.Debug|Any CPU.Build.0 = Debug|Any CPU
		{9AE70840-2828-428E-96C0-AFFA91059C1C}.Release|Any CPU.ActiveCfg = Release|Any CPU
		{9AE70840-2828-428E-96C0-AFFA91059C1C}.Release|Any CPU.Build.0 = Release|Any CPU
	EndGlobalSection
	GlobalSection(SolutionProperties) = preSolution
		HideSolutionNode = FALSE
	EndGlobalSection
	GlobalSection(ExtensibilityGlobals) = postSolution
		SolutionGuid = {C8C550A2-1BA1-43DE-A90C-CC8AC9B135BE}
	EndGlobalSection
EndGlobal
