
Microsoft Visual Studio Solution File, Format Version 12.00
# Visual Studio Version 17
VisualStudioVersion = 17.8.34330.188
MinimumVisualStudioVersion = 10.0.40219.1
Project("{9A19103F-16F7-4668-BE54-9A1E7A4F7556}") = "VariablesAndConstants", "VariablesAndConstants\VariablesAndConstants.csproj", "{8FA3E597-710F-451F-9319-72271DEE4E9D}"
EndProject
Project("{9A19103F-16F7-4668-BE54-9A1E7A4F7556}") = "Arrays", "Arrays\Arrays.csproj", "{5EC5B2F1-6E78-4FCA-A414-5FFDA93B8766}"
EndProject
Project("{9A19103F-16F7-4668-BE54-9A1E7A4F7556}") = "Operators", "Operators\Operators.csproj", "{5629CC31-FDBC-40F5-BDEA-6E2249888187}"
EndProject
Project("{9A19103F-16F7-4668-BE54-9A1E7A4F7556}") = "Loops", "Loops\Loops.csproj", "{BAAE0BE6-1FB4-43A8-8FA7-373BFAF7E04B}"
EndProject
Project("{9A19103F-16F7-4668-BE54-9A1E7A4F7556}") = "Methods", "Methods\Methods.csproj", "{A65044DB-7072-4031-A5D5-0B210B37C9C9}"
EndProject
Project("{9A19103F-16F7-4668-BE54-9A1E7A4F7556}") = "UsingVar", "UsingVar\UsingVar.csproj", "{7F355DA0-6BAC-4CAA-BF61-E2F155BFA7D5}"
EndProject
Project("{9A19103F-16F7-4668-BE54-9A1E7A4F7556}") = "StringAndCharMethods", "StringAndCharMethods\StringAndCharMethods.csproj", "{782C54B6-6946-4A0D-8F2A-6A58C3699BFB}"
EndProject
Project("{9A19103F-16F7-4668-BE54-9A1E7A4F7556}") = "Classes", "Classes\Classes.csproj", "{B1927ACD-CC50-45E5-B166-BE9367362CBF}"
EndProject
Project("{9A19103F-16F7-4668-BE54-9A1E7A4F7556}") = "LambdaMethod", "LambdaMethod\LambdaMethod.csproj", "{E8142FDF-D689-468B-9444-BB68FB6C54CD}"
EndProject
Project("{9A19103F-16F7-4668-BE54-9A1E7A4F7556}") = "StaticClass", "StaticClass\StaticClass.csproj", "{2A4E1507-E05E-4F79-B667-C0225733A063}"
EndProject
Project("{9A19103F-16F7-4668-BE54-9A1E7A4F7556}") = "Inheritance", "Inheritance\Inheritance.csproj", "{C7DC7DA3-227B-4539-A1D2-22156AA67D9B}"
EndProject
Project("{9A19103F-16F7-4668-BE54-9A1E7A4F7556}") = "AbstractClass", "AbstractClass\AbstractClass.csproj", "{5A870913-4D07-44EE-ADCB-A97064537F47}"
EndProject
Project("{9A19103F-16F7-4668-BE54-9A1E7A4F7556}") = "Interfaces", "Interfaces\Interfaces.csproj", "{AB250AA2-7BE3-4F4E-B213-246C65BFB5BF}"
EndProject
Project("{9A19103F-16F7-4668-BE54-9A1E7A4F7556}") = "PartialClass", "PartialClass\PartialClass.csproj", "{A9837C7E-1A67-44CA-A792-D5ECB8EB8ADA}"
EndProject
Project("{9A19103F-16F7-4668-BE54-9A1E7A4F7556}") = "Structure", "Structure\Structure.csproj", "{95A85A55-372C-470B-9C94-B12DD6C26973}"
EndProject
Project("{9A19103F-16F7-4668-BE54-9A1E7A4F7556}") = "EnumExamples", "EnumExamples\EnumExamples.csproj", "{AD28D564-B5B3-4891-AADA-E988FA5B6779}"
EndProject
Project("{9A19103F-16F7-4668-BE54-9A1E7A4F7556}") = "DateTimeExample", "DateTimeExample\DateTimeExample.csproj", "{DE8A3CFE-BA10-423A-8CCC-2ECEB20DBFF6}"
EndProject
Project("{9A19103F-16F7-4668-BE54-9A1E7A4F7556}") = "StringBuilder", "StringBuilder\StringBuilder.csproj", "{7591F0CD-A888-4274-BE7F-FD7263DCCFD2}"
EndProject
Project("{FAE04EC0-301F-11D3-BF4B-00C04F79EFBC}") = "ParameterModifier", "ParameterModifier\ParameterModifier.csproj", "{63E82359-CFBA-413A-BFC2-294F5C809C80}"
EndProject
Project("{FAE04EC0-301F-11D3-BF4B-00C04F79EFBC}") = "TupleExample", "TupleExample\TupleExample.csproj", "{684C1A25-1CC0-4C26-B889-DB21BC79904B}"
EndProject
Project("{FAE04EC0-301F-11D3-BF4B-00C04F79EFBC}") = "AnonymousTypes", "AnonymousTypes\AnonymousTypes.csproj", "{0F685D78-658B-4E8C-A9B9-8EAD04E2049F}"
EndProject
Project("{FAE04EC0-301F-11D3-BF4B-00C04F79EFBC}") = "NullableType", "NullableType\NullableType.csproj", "{9243CAB4-5AA8-43B6-B3FB-F0DA22FECCB3}"
EndProject
Project("{FAE04EC0-301F-11D3-BF4B-00C04F79EFBC}") = "OperatorOverloading", "OperatorOverloading\OperatorOverloading.csproj", "{438AB2D3-0755-4EBE-B193-BBE7654C7D3B}"
EndProject
Global
	GlobalSection(SolutionConfigurationPlatforms) = preSolution
		Debug|Any CPU = Debug|Any CPU
		Release|Any CPU = Release|Any CPU
	EndGlobalSection
	GlobalSection(ProjectConfigurationPlatforms) = postSolution
		{8FA3E597-710F-451F-9319-72271DEE4E9D}.Debug|Any CPU.ActiveCfg = Debug|Any CPU
		{8FA3E597-710F-451F-9319-72271DEE4E9D}.Debug|Any CPU.Build.0 = Debug|Any CPU
		{8FA3E597-710F-451F-9319-72271DEE4E9D}.Release|Any CPU.ActiveCfg = Release|Any CPU
		{8FA3E597-710F-451F-9319-72271DEE4E9D}.Release|Any CPU.Build.0 = Release|Any CPU
		{5EC5B2F1-6E78-4FCA-A414-5FFDA93B8766}.Debug|Any CPU.ActiveCfg = Debug|Any CPU
		{5EC5B2F1-6E78-4FCA-A414-5FFDA93B8766}.Debug|Any CPU.Build.0 = Debug|Any CPU
		{5EC5B2F1-6E78-4FCA-A414-5FFDA93B8766}.Release|Any CPU.ActiveCfg = Release|Any CPU
		{5EC5B2F1-6E78-4FCA-A414-5FFDA93B8766}.Release|Any CPU.Build.0 = Release|Any CPU
		{5629CC31-FDBC-40F5-BDEA-6E2249888187}.Debug|Any CPU.ActiveCfg = Debug|Any CPU
		{5629CC31-FDBC-40F5-BDEA-6E2249888187}.Debug|Any CPU.Build.0 = Debug|Any CPU
		{5629CC31-FDBC-40F5-BDEA-6E2249888187}.Release|Any CPU.ActiveCfg = Release|Any CPU
		{5629CC31-FDBC-40F5-BDEA-6E2249888187}.Release|Any CPU.Build.0 = Release|Any CPU
		{BAAE0BE6-1FB4-43A8-8FA7-373BFAF7E04B}.Debug|Any CPU.ActiveCfg = Debug|Any CPU
		{BAAE0BE6-1FB4-43A8-8FA7-373BFAF7E04B}.Debug|Any CPU.Build.0 = Debug|Any CPU
		{BAAE0BE6-1FB4-43A8-8FA7-373BFAF7E04B}.Release|Any CPU.ActiveCfg = Release|Any CPU
		{BAAE0BE6-1FB4-43A8-8FA7-373BFAF7E04B}.Release|Any CPU.Build.0 = Release|Any CPU
		{A65044DB-7072-4031-A5D5-0B210B37C9C9}.Debug|Any CPU.ActiveCfg = Debug|Any CPU
		{A65044DB-7072-4031-A5D5-0B210B37C9C9}.Debug|Any CPU.Build.0 = Debug|Any CPU
		{A65044DB-7072-4031-A5D5-0B210B37C9C9}.Release|Any CPU.ActiveCfg = Release|Any CPU
		{A65044DB-7072-4031-A5D5-0B210B37C9C9}.Release|Any CPU.Build.0 = Release|Any CPU
		{7F355DA0-6BAC-4CAA-BF61-E2F155BFA7D5}.Debug|Any CPU.ActiveCfg = Debug|Any CPU
		{7F355DA0-6BAC-4CAA-BF61-E2F155BFA7D5}.Debug|Any CPU.Build.0 = Debug|Any CPU
		{7F355DA0-6BAC-4CAA-BF61-E2F155BFA7D5}.Release|Any CPU.ActiveCfg = Release|Any CPU
		{7F355DA0-6BAC-4CAA-BF61-E2F155BFA7D5}.Release|Any CPU.Build.0 = Release|Any CPU
		{782C54B6-6946-4A0D-8F2A-6A58C3699BFB}.Debug|Any CPU.ActiveCfg = Debug|Any CPU
		{782C54B6-6946-4A0D-8F2A-6A58C3699BFB}.Debug|Any CPU.Build.0 = Debug|Any CPU
		{782C54B6-6946-4A0D-8F2A-6A58C3699BFB}.Release|Any CPU.ActiveCfg = Release|Any CPU
		{782C54B6-6946-4A0D-8F2A-6A58C3699BFB}.Release|Any CPU.Build.0 = Release|Any CPU
		{B1927ACD-CC50-45E5-B166-BE9367362CBF}.Debug|Any CPU.ActiveCfg = Debug|Any CPU
		{B1927ACD-CC50-45E5-B166-BE9367362CBF}.Debug|Any CPU.Build.0 = Debug|Any CPU
		{B1927ACD-CC50-45E5-B166-BE9367362CBF}.Release|Any CPU.ActiveCfg = Release|Any CPU
		{B1927ACD-CC50-45E5-B166-BE9367362CBF}.Release|Any CPU.Build.0 = Release|Any CPU
		{E8142FDF-D689-468B-9444-BB68FB6C54CD}.Debug|Any CPU.ActiveCfg = Debug|Any CPU
		{E8142FDF-D689-468B-9444-BB68FB6C54CD}.Debug|Any CPU.Build.0 = Debug|Any CPU
		{E8142FDF-D689-468B-9444-BB68FB6C54CD}.Release|Any CPU.ActiveCfg = Release|Any CPU
		{E8142FDF-D689-468B-9444-BB68FB6C54CD}.Release|Any CPU.Build.0 = Release|Any CPU
		{2A4E1507-E05E-4F79-B667-C0225733A063}.Debug|Any CPU.ActiveCfg = Debug|Any CPU
		{2A4E1507-E05E-4F79-B667-C0225733A063}.Debug|Any CPU.Build.0 = Debug|Any CPU
		{2A4E1507-E05E-4F79-B667-C0225733A063}.Release|Any CPU.ActiveCfg = Release|Any CPU
		{2A4E1507-E05E-4F79-B667-C0225733A063}.Release|Any CPU.Build.0 = Release|Any CPU
		{C7DC7DA3-227B-4539-A1D2-22156AA67D9B}.Debug|Any CPU.ActiveCfg = Debug|Any CPU
		{C7DC7DA3-227B-4539-A1D2-22156AA67D9B}.Debug|Any CPU.Build.0 = Debug|Any CPU
		{C7DC7DA3-227B-4539-A1D2-22156AA67D9B}.Release|Any CPU.ActiveCfg = Release|Any CPU
		{C7DC7DA3-227B-4539-A1D2-22156AA67D9B}.Release|Any CPU.Build.0 = Release|Any CPU
		{5A870913-4D07-44EE-ADCB-A97064537F47}.Debug|Any CPU.ActiveCfg = Debug|Any CPU
		{5A870913-4D07-44EE-ADCB-A97064537F47}.Debug|Any CPU.Build.0 = Debug|Any CPU
		{5A870913-4D07-44EE-ADCB-A97064537F47}.Release|Any CPU.ActiveCfg = Release|Any CPU
		{5A870913-4D07-44EE-ADCB-A97064537F47}.Release|Any CPU.Build.0 = Release|Any CPU
		{AB250AA2-7BE3-4F4E-B213-246C65BFB5BF}.Debug|Any CPU.ActiveCfg = Debug|Any CPU
		{AB250AA2-7BE3-4F4E-B213-246C65BFB5BF}.Debug|Any CPU.Build.0 = Debug|Any CPU
		{AB250AA2-7BE3-4F4E-B213-246C65BFB5BF}.Release|Any CPU.ActiveCfg = Release|Any CPU
		{AB250AA2-7BE3-4F4E-B213-246C65BFB5BF}.Release|Any CPU.Build.0 = Release|Any CPU
		{A9837C7E-1A67-44CA-A792-D5ECB8EB8ADA}.Debug|Any CPU.ActiveCfg = Debug|Any CPU
		{A9837C7E-1A67-44CA-A792-D5ECB8EB8ADA}.Debug|Any CPU.Build.0 = Debug|Any CPU
		{A9837C7E-1A67-44CA-A792-D5ECB8EB8ADA}.Release|Any CPU.ActiveCfg = Release|Any CPU
		{A9837C7E-1A67-44CA-A792-D5ECB8EB8ADA}.Release|Any CPU.Build.0 = Release|Any CPU
		{95A85A55-372C-470B-9C94-B12DD6C26973}.Debug|Any CPU.ActiveCfg = Debug|Any CPU
		{95A85A55-372C-470B-9C94-B12DD6C26973}.Debug|Any CPU.Build.0 = Debug|Any CPU
		{95A85A55-372C-470B-9C94-B12DD6C26973}.Release|Any CPU.ActiveCfg = Release|Any CPU
		{95A85A55-372C-470B-9C94-B12DD6C26973}.Release|Any CPU.Build.0 = Release|Any CPU
		{AD28D564-B5B3-4891-AADA-E988FA5B6779}.Debug|Any CPU.ActiveCfg = Debug|Any CPU
		{AD28D564-B5B3-4891-AADA-E988FA5B6779}.Debug|Any CPU.Build.0 = Debug|Any CPU
		{AD28D564-B5B3-4891-AADA-E988FA5B6779}.Release|Any CPU.ActiveCfg = Release|Any CPU
		{AD28D564-B5B3-4891-AADA-E988FA5B6779}.Release|Any CPU.Build.0 = Release|Any CPU
		{DE8A3CFE-BA10-423A-8CCC-2ECEB20DBFF6}.Debug|Any CPU.ActiveCfg = Debug|Any CPU
		{DE8A3CFE-BA10-423A-8CCC-2ECEB20DBFF6}.Debug|Any CPU.Build.0 = Debug|Any CPU
		{DE8A3CFE-BA10-423A-8CCC-2ECEB20DBFF6}.Release|Any CPU.ActiveCfg = Release|Any CPU
		{DE8A3CFE-BA10-423A-8CCC-2ECEB20DBFF6}.Release|Any CPU.Build.0 = Release|Any CPU
		{7591F0CD-A888-4274-BE7F-FD7263DCCFD2}.Debug|Any CPU.ActiveCfg = Debug|Any CPU
		{7591F0CD-A888-4274-BE7F-FD7263DCCFD2}.Debug|Any CPU.Build.0 = Debug|Any CPU
		{7591F0CD-A888-4274-BE7F-FD7263DCCFD2}.Release|Any CPU.ActiveCfg = Release|Any CPU
		{7591F0CD-A888-4274-BE7F-FD7263DCCFD2}.Release|Any CPU.Build.0 = Release|Any CPU
		{63E82359-CFBA-413A-BFC2-294F5C809C80}.Debug|Any CPU.ActiveCfg = Debug|Any CPU
		{63E82359-CFBA-413A-BFC2-294F5C809C80}.Debug|Any CPU.Build.0 = Debug|Any CPU
		{63E82359-CFBA-413A-BFC2-294F5C809C80}.Release|Any CPU.ActiveCfg = Release|Any CPU
		{63E82359-CFBA-413A-BFC2-294F5C809C80}.Release|Any CPU.Build.0 = Release|Any CPU
		{684C1A25-1CC0-4C26-B889-DB21BC79904B}.Debug|Any CPU.ActiveCfg = Debug|Any CPU
		{684C1A25-1CC0-4C26-B889-DB21BC79904B}.Debug|Any CPU.Build.0 = Debug|Any CPU
		{684C1A25-1CC0-4C26-B889-DB21BC79904B}.Release|Any CPU.ActiveCfg = Release|Any CPU
		{684C1A25-1CC0-4C26-B889-DB21BC79904B}.Release|Any CPU.Build.0 = Release|Any CPU
		{0F685D78-658B-4E8C-A9B9-8EAD04E2049F}.Debug|Any CPU.ActiveCfg = Debug|Any CPU
		{0F685D78-658B-4E8C-A9B9-8EAD04E2049F}.Debug|Any CPU.Build.0 = Debug|Any CPU
		{0F685D78-658B-4E8C-A9B9-8EAD04E2049F}.Release|Any CPU.ActiveCfg = Release|Any CPU
		{0F685D78-658B-4E8C-A9B9-8EAD04E2049F}.Release|Any CPU.Build.0 = Release|Any CPU
		{9243CAB4-5AA8-43B6-B3FB-F0DA22FECCB3}.Debug|Any CPU.ActiveCfg = Debug|Any CPU
		{9243CAB4-5AA8-43B6-B3FB-F0DA22FECCB3}.Debug|Any CPU.Build.0 = Debug|Any CPU
		{9243CAB4-5AA8-43B6-B3FB-F0DA22FECCB3}.Release|Any CPU.ActiveCfg = Release|Any CPU
		{9243CAB4-5AA8-43B6-B3FB-F0DA22FECCB3}.Release|Any CPU.Build.0 = Release|Any CPU
		{438AB2D3-0755-4EBE-B193-BBE7654C7D3B}.Debug|Any CPU.ActiveCfg = Debug|Any CPU
		{438AB2D3-0755-4EBE-B193-BBE7654C7D3B}.Debug|Any CPU.Build.0 = Debug|Any CPU
		{438AB2D3-0755-4EBE-B193-BBE7654C7D3B}.Release|Any CPU.ActiveCfg = Release|Any CPU
		{438AB2D3-0755-4EBE-B193-BBE7654C7D3B}.Release|Any CPU.Build.0 = Release|Any CPU
	EndGlobalSection
	GlobalSection(SolutionProperties) = preSolution
		HideSolutionNode = FALSE
	EndGlobalSection
	GlobalSection(ExtensibilityGlobals) = postSolution
		SolutionGuid = {01B52D78-86F7-4E52-BE51-6FF9252612DD}
	EndGlobalSection
EndGlobal
